
Microsoft Visual Studio Solution File, Format Version 12.00
# Visual Studio 14
VisualStudioVersion = 14.0.25420.1
MinimumVisualStudioVersion = 10.0.40219.1
Project("{FAE04EC0-301F-11D3-BF4B-00C04F79EFBC}") = "Jabber-Net20", "Jabber-Net20\Jabber-Net20.csproj", "{C2CB4151-098A-4376-BA33-BD0D1A9E82CC}"
EndProject
Project("{FAE04EC0-301F-11D3-BF4B-00C04F79EFBC}") = "netlib.Dns", "netlib.Dns\netlib.Dns.csproj", "{40AC7A7C-D3E5-46DF-B740-06BD9D2A00E1}"
EndProject
Global
	GlobalSection(SolutionConfigurationPlatforms) = preSolution
		Debug|Any CPU = Debug|Any CPU
		Release|Any CPU = Release|Any CPU
	EndGlobalSection
	GlobalSection(ProjectConfigurationPlatforms) = postSolution
		{C2CB4151-098A-4376-BA33-BD0D1A9E82CC}.Debug|Any CPU.ActiveCfg = Debug|Any CPU
		{C2CB4151-098A-4376-BA33-BD0D1A9E82CC}.Debug|Any CPU.Build.0 = Debug|Any CPU
		{C2CB4151-098A-4376-BA33-BD0D1A9E82CC}.Release|Any CPU.ActiveCfg = Release|Any CPU
		{C2CB4151-098A-4376-BA33-BD0D1A9E82CC}.Release|Any CPU.Build.0 = Release|Any CPU
		{40AC7A7C-D3E5-46DF-B740-06BD9D2A00E1}.Debug|Any CPU.ActiveCfg = Debug|Any CPU
		{40AC7A7C-D3E5-46DF-B740-06BD9D2A00E1}.Debug|Any CPU.Build.0 = Debug|Any CPU
		{40AC7A7C-D3E5-46DF-B740-06BD9D2A00E1}.Release|Any CPU.ActiveCfg = Release|Any CPU
		{40AC7A7C-D3E5-46DF-B740-06BD9D2A00E1}.Release|Any CPU.Build.0 = Release|Any CPU
	EndGlobalSection
	GlobalSection(SolutionProperties) = preSolution
		HideSolutionNode = FALSE
	EndGlobalSection
EndGlobal
